
Microsoft Visual Studio Solution File, Format Version 12.00
# Visual Studio 14
VisualStudioVersion = 14.0.25420.1
MinimumVisualStudioVersion = 10.0.40219.1
Project("{FAE04EC0-301F-11D3-BF4B-00C04F79EFBC}") = "Runaway", "Runaway\Runaway.csproj", "{F4803DC8-6221-45EC-AF11-7F2A4BB34946}"
EndProject
Project("{FAE04EC0-301F-11D3-BF4B-00C04F79EFBC}") = "GameLibrary", "GameLibrary\GameLibrary.csproj", "{81E813CC-2C98-40C6-940E-40F43EE5BEC6}"
EndProject
Global
	GlobalSection(SolutionConfigurationPlatforms) = preSolution
		Debug|Any CPU = Debug|Any CPU
		Release|Any CPU = Release|Any CPU
	EndGlobalSection
	GlobalSection(ProjectConfigurationPlatforms) = postSolution
		{F4803DC8-6221-45EC-AF11-7F2A4BB34946}.Debug|Any CPU.ActiveCfg = Debug|Any CPU
		{F4803DC8-6221-45EC-AF11-7F2A4BB34946}.Debug|Any CPU.Build.0 = Debug|Any CPU
		{F4803DC8-6221-45EC-AF11-7F2A4BB34946}.Release|Any CPU.ActiveCfg = Release|Any CPU
		{F4803DC8-6221-45EC-AF11-7F2A4BB34946}.Release|Any CPU.Build.0 = Release|Any CPU
		{81E813CC-2C98-40C6-940E-40F43EE5BEC6}.Debug|Any CPU.ActiveCfg = Debug|Any CPU
		{81E813CC-2C98-40C6-940E-40F43EE5BEC6}.Debug|Any CPU.Build.0 = Debug|Any CPU
		{81E813CC-2C98-40C6-940E-40F43EE5BEC6}.Release|Any CPU.ActiveCfg = Release|Any CPU
		{81E813CC-2C98-40C6-940E-40F43EE5BEC6}.Release|Any CPU.Build.0 = Release|Any CPU
	EndGlobalSection
	GlobalSection(SolutionProperties) = preSolution
		HideSolutionNode = FALSE
	EndGlobalSection
EndGlobal
